
Microsoft Visual Studio Solution File, Format Version 12.00
# Visual Studio 15
VisualStudioVersion = 15.0.28307.421
MinimumVisualStudioVersion = 10.0.40219.1
Project("{FAE04EC0-301F-11D3-BF4B-00C04F79EFBC}") = "WQLIdentityServer", "WQLIdentityServer\WQLIdentityServer.csproj", "{30470280-BF6A-4390-A052-20374F7BB3EA}"
EndProject
Global
	GlobalSection(SolutionConfigurationPlatforms) = preSolution
		Debug|Any CPU = Debug|Any CPU
		Release|Any CPU = Release|Any CPU
	EndGlobalSection
	GlobalSection(ProjectConfigurationPlatforms) = postSolution
		{30470280-BF6A-4390-A052-20374F7BB3EA}.Debug|Any CPU.ActiveCfg = Debug|Any CPU
		{30470280-BF6A-4390-A052-20374F7BB3EA}.Debug|Any CPU.Build.0 = Debug|Any CPU
		{30470280-BF6A-4390-A052-20374F7BB3EA}.Release|Any CPU.ActiveCfg = Release|Any CPU
		{30470280-BF6A-4390-A052-20374F7BB3EA}.Release|Any CPU.Build.0 = Release|Any CPU
	EndGlobalSection
	GlobalSection(SolutionProperties) = preSolution
		HideSolutionNode = FALSE
	EndGlobalSection
	GlobalSection(ExtensibilityGlobals) = postSolution
		SolutionGuid = {CDD02C7E-3CF2-42E9-9BA9-4D981DA7DABA}
	EndGlobalSection
EndGlobal
