
Microsoft Visual Studio Solution File, Format Version 12.00
# Visual Studio 15
VisualStudioVersion = 15.0.28307.421
MinimumVisualStudioVersion = 10.0.40219.1
Project("{9A19103F-16F7-4668-BE54-9A1E7A4F7556}") = "WQLIdentityServer", "WQLIdentityServer\WQLIdentityServer.csproj", "{30470280-BF6A-4390-A052-20374F7BB3EA}"
EndProject
Project("{9A19103F-16F7-4668-BE54-9A1E7A4F7556}") = "WQLIdentityServerAPI", "WQLIdentityServerAPI\WQLIdentityServerAPI.csproj", "{22396D0B-6CEF-412F-A7BC-6A2914CC5EE2}"
EndProject
Project("{2150E333-8FDC-42A3-9474-1A3956D46DE8}") = "AdminAPI", "AdminAPI", "{BF71C28C-5906-4E27-BC8F-E8E3F8BCDB78}"
EndProject
Project("{2150E333-8FDC-42A3-9474-1A3956D46DE8}") = "AdminMVC", "AdminMVC", "{EBD1492C-5239-4A22-B8AF-ACE99A56BBBC}"
EndProject
Project("{2150E333-8FDC-42A3-9474-1A3956D46DE8}") = "Application", "Application", "{846B2535-0B35-4143-A489-79B90CFAEAA5}"
EndProject
Project("{2150E333-8FDC-42A3-9474-1A3956D46DE8}") = "Infrastructure", "Infrastructure", "{4AE997FC-52DC-4931-9926-20E15EA2CEF1}"
EndProject
Project("{2150E333-8FDC-42A3-9474-1A3956D46DE8}") = "Data", "Data", "{E67237FD-F5C5-4C13-B8CD-74B6EE87B29B}"
EndProject
Project("{2150E333-8FDC-42A3-9474-1A3956D46DE8}") = "Domain", "Domain", "{1240A3AC-E0FA-4F4B-A1EA-B1FABAF8E22E}"
EndProject
Project("{2150E333-8FDC-42A3-9474-1A3956D46DE8}") = "Core", "Core", "{3C7E571A-7FE4-449C-857C-BAA15F372AC9}"
EndProject
Project("{9A19103F-16F7-4668-BE54-9A1E7A4F7556}") = "WQLIdentity.Infra.Data", "WQLIdentity.Infra.Data\WQLIdentity.Infra.Data.csproj", "{739C8F68-245B-4838-94EE-6D01F9478447}"
EndProject
Project("{9A19103F-16F7-4668-BE54-9A1E7A4F7556}") = "WQLIdentityServer.Infra", "WQLIdentityServer.Infra\WQLIdentityServer.Infra.csproj", "{AE754FC9-50F6-4EAB-B3FD-F4F0963D598A}"
EndProject
Project("{9A19103F-16F7-4668-BE54-9A1E7A4F7556}") = "WQLIdentity.Domain", "WQLIdentity.Domain\WQLIdentity.Domain.csproj", "{EF2AF021-2958-4617-959A-F98AEF226B5E}"
EndProject
Project("{9A19103F-16F7-4668-BE54-9A1E7A4F7556}") = "WQLIdentity.Application", "WQLIdentity.Application\WQLIdentity.Application.csproj", "{BDB77AA6-4643-48BD-AD8F-67DD327B16B2}"
EndProject
Global
	GlobalSection(SolutionConfigurationPlatforms) = preSolution
		Debug|Any CPU = Debug|Any CPU
		Release|Any CPU = Release|Any CPU
	EndGlobalSection
	GlobalSection(ProjectConfigurationPlatforms) = postSolution
		{30470280-BF6A-4390-A052-20374F7BB3EA}.Debug|Any CPU.ActiveCfg = Debug|Any CPU
		{30470280-BF6A-4390-A052-20374F7BB3EA}.Debug|Any CPU.Build.0 = Debug|Any CPU
		{30470280-BF6A-4390-A052-20374F7BB3EA}.Release|Any CPU.ActiveCfg = Release|Any CPU
		{30470280-BF6A-4390-A052-20374F7BB3EA}.Release|Any CPU.Build.0 = Release|Any CPU
		{22396D0B-6CEF-412F-A7BC-6A2914CC5EE2}.Debug|Any CPU.ActiveCfg = Debug|Any CPU
		{22396D0B-6CEF-412F-A7BC-6A2914CC5EE2}.Debug|Any CPU.Build.0 = Debug|Any CPU
		{22396D0B-6CEF-412F-A7BC-6A2914CC5EE2}.Release|Any CPU.ActiveCfg = Release|Any CPU
		{22396D0B-6CEF-412F-A7BC-6A2914CC5EE2}.Release|Any CPU.Build.0 = Release|Any CPU
		{739C8F68-245B-4838-94EE-6D01F9478447}.Debug|Any CPU.ActiveCfg = Debug|Any CPU
		{739C8F68-245B-4838-94EE-6D01F9478447}.Debug|Any CPU.Build.0 = Debug|Any CPU
		{739C8F68-245B-4838-94EE-6D01F9478447}.Release|Any CPU.ActiveCfg = Release|Any CPU
		{739C8F68-245B-4838-94EE-6D01F9478447}.Release|Any CPU.Build.0 = Release|Any CPU
		{AE754FC9-50F6-4EAB-B3FD-F4F0963D598A}.Debug|Any CPU.ActiveCfg = Debug|Any CPU
		{AE754FC9-50F6-4EAB-B3FD-F4F0963D598A}.Debug|Any CPU.Build.0 = Debug|Any CPU
		{AE754FC9-50F6-4EAB-B3FD-F4F0963D598A}.Release|Any CPU.ActiveCfg = Release|Any CPU
		{AE754FC9-50F6-4EAB-B3FD-F4F0963D598A}.Release|Any CPU.Build.0 = Release|Any CPU
		{EF2AF021-2958-4617-959A-F98AEF226B5E}.Debug|Any CPU.ActiveCfg = Debug|Any CPU
		{EF2AF021-2958-4617-959A-F98AEF226B5E}.Debug|Any CPU.Build.0 = Debug|Any CPU
		{EF2AF021-2958-4617-959A-F98AEF226B5E}.Release|Any CPU.ActiveCfg = Release|Any CPU
		{EF2AF021-2958-4617-959A-F98AEF226B5E}.Release|Any CPU.Build.0 = Release|Any CPU
		{BDB77AA6-4643-48BD-AD8F-67DD327B16B2}.Debug|Any CPU.ActiveCfg = Debug|Any CPU
		{BDB77AA6-4643-48BD-AD8F-67DD327B16B2}.Debug|Any CPU.Build.0 = Debug|Any CPU
		{BDB77AA6-4643-48BD-AD8F-67DD327B16B2}.Release|Any CPU.ActiveCfg = Release|Any CPU
		{BDB77AA6-4643-48BD-AD8F-67DD327B16B2}.Release|Any CPU.Build.0 = Release|Any CPU
	EndGlobalSection
	GlobalSection(SolutionProperties) = preSolution
		HideSolutionNode = FALSE
	EndGlobalSection
	GlobalSection(NestedProjects) = preSolution
		{30470280-BF6A-4390-A052-20374F7BB3EA} = {EBD1492C-5239-4A22-B8AF-ACE99A56BBBC}
		{22396D0B-6CEF-412F-A7BC-6A2914CC5EE2} = {BF71C28C-5906-4E27-BC8F-E8E3F8BCDB78}
		{E67237FD-F5C5-4C13-B8CD-74B6EE87B29B} = {4AE997FC-52DC-4931-9926-20E15EA2CEF1}
		{3C7E571A-7FE4-449C-857C-BAA15F372AC9} = {4AE997FC-52DC-4931-9926-20E15EA2CEF1}
		{739C8F68-245B-4838-94EE-6D01F9478447} = {E67237FD-F5C5-4C13-B8CD-74B6EE87B29B}
		{AE754FC9-50F6-4EAB-B3FD-F4F0963D598A} = {3C7E571A-7FE4-449C-857C-BAA15F372AC9}
		{EF2AF021-2958-4617-959A-F98AEF226B5E} = {1240A3AC-E0FA-4F4B-A1EA-B1FABAF8E22E}
		{BDB77AA6-4643-48BD-AD8F-67DD327B16B2} = {846B2535-0B35-4143-A489-79B90CFAEAA5}
	EndGlobalSection
	GlobalSection(ExtensibilityGlobals) = postSolution
		SolutionGuid = {CDD02C7E-3CF2-42E9-9BA9-4D981DA7DABA}
	EndGlobalSection
EndGlobal
